
Microsoft Visual Studio Solution File, Format Version 12.00
# Visual Studio Version 17
VisualStudioVersion = 17.3.32825.248
MinimumVisualStudioVersion = 10.0.40219.1
Project("{FAE04EC0-301F-11D3-BF4B-00C04F79EFBC}") = "InternationalApi", "InternationalApi.csproj", "{B921611F-DA3A-44C5-A50E-C92BAC5D784E}"
EndProject
Global
	GlobalSection(SolutionConfigurationPlatforms) = preSolution
		Debug|Any CPU = Debug|Any CPU
		Release|Any CPU = Release|Any CPU
	EndGlobalSection
	GlobalSection(ProjectConfigurationPlatforms) = postSolution
		{B921611F-DA3A-44C5-A50E-C92BAC5D784E}.Debug|Any CPU.ActiveCfg = Debug|Any CPU
		{B921611F-DA3A-44C5-A50E-C92BAC5D784E}.Debug|Any CPU.Build.0 = Debug|Any CPU
		{B921611F-DA3A-44C5-A50E-C92BAC5D784E}.Release|Any CPU.ActiveCfg = Release|Any CPU
		{B921611F-DA3A-44C5-A50E-C92BAC5D784E}.Release|Any CPU.Build.0 = Release|Any CPU
	EndGlobalSection
	GlobalSection(SolutionProperties) = preSolution
		HideSolutionNode = FALSE
	EndGlobalSection
	GlobalSection(ExtensibilityGlobals) = postSolution
		SolutionGuid = {4147E3D0-7C04-4828-8399-29272808D851}
	EndGlobalSection
EndGlobal
